<?xml version="1.0" encoding="utf-8"?>
<Project ToolsVersion="4.0" xmlns="http://schemas.microsoft.com/developer/msbuild/2003">
  <ItemGroup>
    <ClCompile Include="kernel.cpp" />
    <ClCompile Include="Makefile" />
  </ItemGroup>
  <ItemGroup>
    <ClInclude Include="allocator.h" />
    <ClInclude Include="kernel.h" />
    <ClInclude Include="multiboot.h" />
  </ItemGroup>
  <ItemGroup>
    <None Include="linker.ld" />
    <None Include="loader.s" />
  </ItemGroup>
</Project>